// !$*UTF8*$!
{
	archiveVersion = 1;
	classes = {
	};
	objectVersion = 56;
	objects = {

/* Begin PBXBuildFile section */
		EC8C92802B20ABAA00418142 /* FavoritesList.swift in Sources */ = {isa = PBXBuildFile; fileRef = EC8C927F2B20ABAA00418142 /* FavoritesList.swift */; };
		EC8C92822B20B76200418142 /* GoogleService-Info.plist in Resources */ = {isa = PBXBuildFile; fileRef = EC8C92812B20B76200418142 /* GoogleService-Info.plist */; };
		EC8C92852B20C00300418142 /* FirebaseAnalytics in Frameworks */ = {isa = PBXBuildFile; productRef = EC8C92842B20C00300418142 /* FirebaseAnalytics */; };
		EC8C92872B20C00300418142 /* FirebaseAnalyticsOnDeviceConversion in Frameworks */ = {isa = PBXBuildFile; productRef = EC8C92862B20C00300418142 /* FirebaseAnalyticsOnDeviceConversion */; };
		EC8C92892B20C00300418142 /* FirebaseAnalyticsSwift in Frameworks */ = {isa = PBXBuildFile; productRef = EC8C92882B20C00300418142 /* FirebaseAnalyticsSwift */; };
		EC8C928B2B20C00300418142 /* FirebaseAnalyticsWithoutAdIdSupport in Frameworks */ = {isa = PBXBuildFile; productRef = EC8C928A2B20C00300418142 /* FirebaseAnalyticsWithoutAdIdSupport */; };
		EC8C928D2B20C00300418142 /* FirebaseAppCheck in Frameworks */ = {isa = PBXBuildFile; productRef = EC8C928C2B20C00300418142 /* FirebaseAppCheck */; };
		EC8C928F2B20C3A300418142 /* FirebaseAnalytics in Frameworks */ = {isa = PBXBuildFile; productRef = EC8C928E2B20C3A300418142 /* FirebaseAnalytics */; };
		EC8C92912B20C3A300418142 /* FirebaseAnalyticsOnDeviceConversion in Frameworks */ = {isa = PBXBuildFile; productRef = EC8C92902B20C3A300418142 /* FirebaseAnalyticsOnDeviceConversion */; };
		EC8C92932B20C3A300418142 /* FirebaseAnalyticsSwift in Frameworks */ = {isa = PBXBuildFile; productRef = EC8C92922B20C3A300418142 /* FirebaseAnalyticsSwift */; };
		EC8C92952B20C3A300418142 /* FirebaseAnalyticsWithoutAdIdSupport in Frameworks */ = {isa = PBXBuildFile; productRef = EC8C92942B20C3A300418142 /* FirebaseAnalyticsWithoutAdIdSupport */; };
		EC8C92972B20C3A300418142 /* FirebaseAppCheck in Frameworks */ = {isa = PBXBuildFile; productRef = EC8C92962B20C3A300418142 /* FirebaseAppCheck */; };
		EC8C92992B20C3A300418142 /* FirebaseAppDistribution-Beta in Frameworks */ = {isa = PBXBuildFile; productRef = EC8C92982B20C3A300418142 /* FirebaseAppDistribution-Beta */; };
		EC8C929B2B20C3A300418142 /* FirebaseAuth in Frameworks */ = {isa = PBXBuildFile; productRef = EC8C929A2B20C3A300418142 /* FirebaseAuth */; };
		EC8C929D2B20C3A300418142 /* FirebaseAuthCombine-Community in Frameworks */ = {isa = PBXBuildFile; productRef = EC8C929C2B20C3A300418142 /* FirebaseAuthCombine-Community */; };
		EC8C929F2B20C3A300418142 /* FirebaseCrashlytics in Frameworks */ = {isa = PBXBuildFile; productRef = EC8C929E2B20C3A300418142 /* FirebaseCrashlytics */; };
		EC8C92A12B20C3A300418142 /* FirebaseDatabase in Frameworks */ = {isa = PBXBuildFile; productRef = EC8C92A02B20C3A300418142 /* FirebaseDatabase */; };
		EC8C92A32B20C3A300418142 /* FirebaseDatabaseSwift in Frameworks */ = {isa = PBXBuildFile; productRef = EC8C92A22B20C3A300418142 /* FirebaseDatabaseSwift */; };
		EC8C92A52B20C3A300418142 /* FirebaseDynamicLinks in Frameworks */ = {isa = PBXBuildFile; productRef = EC8C92A42B20C3A300418142 /* FirebaseDynamicLinks */; };
		EC8C92A72B20C3A300418142 /* FirebaseFirestore in Frameworks */ = {isa = PBXBuildFile; productRef = EC8C92A62B20C3A300418142 /* FirebaseFirestore */; };
		EC8C92A92B20C3A300418142 /* FirebaseFirestoreCombine-Community in Frameworks */ = {isa = PBXBuildFile; productRef = EC8C92A82B20C3A300418142 /* FirebaseFirestoreCombine-Community */; };
		EC8C92AB2B20C3A300418142 /* FirebaseFirestoreSwift in Frameworks */ = {isa = PBXBuildFile; productRef = EC8C92AA2B20C3A300418142 /* FirebaseFirestoreSwift */; };
		EC8C92AD2B20C3A300418142 /* FirebaseFunctions in Frameworks */ = {isa = PBXBuildFile; productRef = EC8C92AC2B20C3A300418142 /* FirebaseFunctions */; };
		EC8C92AF2B20C3A300418142 /* FirebaseFunctionsCombine-Community in Frameworks */ = {isa = PBXBuildFile; productRef = EC8C92AE2B20C3A300418142 /* FirebaseFunctionsCombine-Community */; };
		EC8C92B12B20C3A300418142 /* FirebaseInAppMessaging-Beta in Frameworks */ = {isa = PBXBuildFile; productRef = EC8C92B02B20C3A300418142 /* FirebaseInAppMessaging-Beta */; };
		EC8C92B32B20C3A300418142 /* FirebaseInAppMessagingSwift-Beta in Frameworks */ = {isa = PBXBuildFile; productRef = EC8C92B22B20C3A300418142 /* FirebaseInAppMessagingSwift-Beta */; };
		EC8C92B52B20C3A300418142 /* FirebaseInstallations in Frameworks */ = {isa = PBXBuildFile; productRef = EC8C92B42B20C3A300418142 /* FirebaseInstallations */; };
		EC8C92B72B20C3A300418142 /* FirebaseMLModelDownloader in Frameworks */ = {isa = PBXBuildFile; productRef = EC8C92B62B20C3A300418142 /* FirebaseMLModelDownloader */; };
		EC8C92B92B20C3A300418142 /* FirebaseMessaging in Frameworks */ = {isa = PBXBuildFile; productRef = EC8C92B82B20C3A300418142 /* FirebaseMessaging */; };
		EC8C92BB2B20C3A300418142 /* FirebasePerformance in Frameworks */ = {isa = PBXBuildFile; productRef = EC8C92BA2B20C3A300418142 /* FirebasePerformance */; };
		EC8C92BD2B20C3A300418142 /* FirebaseRemoteConfig in Frameworks */ = {isa = PBXBuildFile; productRef = EC8C92BC2B20C3A300418142 /* FirebaseRemoteConfig */; };
		EC8C92BF2B20C3A300418142 /* FirebaseRemoteConfigSwift in Frameworks */ = {isa = PBXBuildFile; productRef = EC8C92BE2B20C3A300418142 /* FirebaseRemoteConfigSwift */; };
		EC8C92C12B20C3A300418142 /* FirebaseStorage in Frameworks */ = {isa = PBXBuildFile; productRef = EC8C92C02B20C3A300418142 /* FirebaseStorage */; };
		EC8C92C32B20C3A300418142 /* FirebaseStorageCombine-Community in Frameworks */ = {isa = PBXBuildFile; productRef = EC8C92C22B20C3A300418142 /* FirebaseStorageCombine-Community */; };
		ECBFC9E52B1F5F3800EB5758 /* RecipeBookApp.swift in Sources */ = {isa = PBXBuildFile; fileRef = ECBFC9E42B1F5F3800EB5758 /* RecipeBookApp.swift */; };
		ECBFC9E72B1F5F3800EB5758 /* ContentView.swift in Sources */ = {isa = PBXBuildFile; fileRef = ECBFC9E62B1F5F3800EB5758 /* ContentView.swift */; };
		ECBFC9E92B1F5F3B00EB5758 /* Assets.xcassets in Resources */ = {isa = PBXBuildFile; fileRef = ECBFC9E82B1F5F3B00EB5758 /* Assets.xcassets */; };
		ECBFC9EC2B1F5F3B00EB5758 /* Preview Assets.xcassets in Resources */ = {isa = PBXBuildFile; fileRef = ECBFC9EB2B1F5F3B00EB5758 /* Preview Assets.xcassets */; };
		ECBFC9FB2B1FA2C400EB5758 /* HomeView.swift in Sources */ = {isa = PBXBuildFile; fileRef = ECBFC9FA2B1FA2C400EB5758 /* HomeView.swift */; };
		ECBFC9FD2B1FA2D100EB5758 /* CategoriesView.swift in Sources */ = {isa = PBXBuildFile; fileRef = ECBFC9FC2B1FA2D100EB5758 /* CategoriesView.swift */; };
		ECBFC9FF2B1FA2E200EB5758 /* NewRecipeView.swift in Sources */ = {isa = PBXBuildFile; fileRef = ECBFC9FE2B1FA2E100EB5758 /* NewRecipeView.swift */; };
		ECBFCA012B1FA2FC00EB5758 /* FavoritiesView.swift in Sources */ = {isa = PBXBuildFile; fileRef = ECBFCA002B1FA2FC00EB5758 /* FavoritiesView.swift */; };
		ECBFCA032B1FA30900EB5758 /* SettingsView.swift in Sources */ = {isa = PBXBuildFile; fileRef = ECBFCA022B1FA30900EB5758 /* SettingsView.swift */; };
		ECBFCA052B1FA46600EB5758 /* TabBar.swift in Sources */ = {isa = PBXBuildFile; fileRef = ECBFCA042B1FA46600EB5758 /* TabBar.swift */; };
		ECBFCA072B1FA8C900EB5758 /* RecipeModel.swift in Sources */ = {isa = PBXBuildFile; fileRef = ECBFCA062B1FA8C900EB5758 /* RecipeModel.swift */; };
		ECBFCA092B1FAFCC00EB5758 /* RecipeCard.swift in Sources */ = {isa = PBXBuildFile; fileRef = ECBFCA082B1FAFCC00EB5758 /* RecipeCard.swift */; };
		ECBFCA0B2B1FC10A00EB5758 /* RecipeList.swift in Sources */ = {isa = PBXBuildFile; fileRef = ECBFCA0A2B1FC10A00EB5758 /* RecipeList.swift */; };
		ECBFCA0D2B1FC2ED00EB5758 /* RecipeView.swift in Sources */ = {isa = PBXBuildFile; fileRef = ECBFCA0C2B1FC2ED00EB5758 /* RecipeView.swift */; };
		ECBFCA0F2B2067D700EB5758 /* CategoryView.swift in Sources */ = {isa = PBXBuildFile; fileRef = ECBFCA0E2B2067D700EB5758 /* CategoryView.swift */; };
		ECBFCA112B20690400EB5758 /* AddRecipeView.swift in Sources */ = {isa = PBXBuildFile; fileRef = ECBFCA102B20690400EB5758 /* AddRecipeView.swift */; };
		ECBFCA132B2072E100EB5758 /* RecipesViewModel.swift in Sources */ = {isa = PBXBuildFile; fileRef = ECBFCA122B2072E100EB5758 /* RecipesViewModel.swift */; };
/* End PBXBuildFile section */

/* Begin PBXFileReference section */
		EC8C927F2B20ABAA00418142 /* FavoritesList.swift */ = {isa = PBXFileReference; lastKnownFileType = sourcecode.swift; path = FavoritesList.swift; sourceTree = "<group>"; };
		EC8C92812B20B76200418142 /* GoogleService-Info.plist */ = {isa = PBXFileReference; fileEncoding = 4; lastKnownFileType = text.plist.xml; path = "GoogleService-Info.plist"; sourceTree = "<group>"; };
		ECBFC9E12B1F5F3800EB5758 /* RecipeBook.app */ = {isa = PBXFileReference; explicitFileType = wrapper.application; includeInIndex = 0; path = RecipeBook.app; sourceTree = BUILT_PRODUCTS_DIR; };
		ECBFC9E42B1F5F3800EB5758 /* RecipeBookApp.swift */ = {isa = PBXFileReference; lastKnownFileType = sourcecode.swift; path = RecipeBookApp.swift; sourceTree = "<group>"; };
		ECBFC9E62B1F5F3800EB5758 /* ContentView.swift */ = {isa = PBXFileReference; lastKnownFileType = sourcecode.swift; path = ContentView.swift; sourceTree = "<group>"; };
		ECBFC9E82B1F5F3B00EB5758 /* Assets.xcassets */ = {isa = PBXFileReference; lastKnownFileType = folder.assetcatalog; path = Assets.xcassets; sourceTree = "<group>"; };
		ECBFC9EB2B1F5F3B00EB5758 /* Preview Assets.xcassets */ = {isa = PBXFileReference; lastKnownFileType = folder.assetcatalog; path = "Preview Assets.xcassets"; sourceTree = "<group>"; };
		ECBFC9FA2B1FA2C400EB5758 /* HomeView.swift */ = {isa = PBXFileReference; lastKnownFileType = sourcecode.swift; path = HomeView.swift; sourceTree = "<group>"; };
		ECBFC9FC2B1FA2D100EB5758 /* CategoriesView.swift */ = {isa = PBXFileReference; lastKnownFileType = sourcecode.swift; path = CategoriesView.swift; sourceTree = "<group>"; };
		ECBFC9FE2B1FA2E100EB5758 /* NewRecipeView.swift */ = {isa = PBXFileReference; lastKnownFileType = sourcecode.swift; path = NewRecipeView.swift; sourceTree = "<group>"; };
		ECBFCA002B1FA2FC00EB5758 /* FavoritiesView.swift */ = {isa = PBXFileReference; lastKnownFileType = sourcecode.swift; path = FavoritiesView.swift; sourceTree = "<group>"; };
		ECBFCA022B1FA30900EB5758 /* SettingsView.swift */ = {isa = PBXFileReference; lastKnownFileType = sourcecode.swift; path = SettingsView.swift; sourceTree = "<group>"; };
		ECBFCA042B1FA46600EB5758 /* TabBar.swift */ = {isa = PBXFileReference; lastKnownFileType = sourcecode.swift; path = TabBar.swift; sourceTree = "<group>"; };
		ECBFCA062B1FA8C900EB5758 /* RecipeModel.swift */ = {isa = PBXFileReference; lastKnownFileType = sourcecode.swift; path = RecipeModel.swift; sourceTree = "<group>"; };
		ECBFCA082B1FAFCC00EB5758 /* RecipeCard.swift */ = {isa = PBXFileReference; lastKnownFileType = sourcecode.swift; path = RecipeCard.swift; sourceTree = "<group>"; };
		ECBFCA0A2B1FC10A00EB5758 /* RecipeList.swift */ = {isa = PBXFileReference; lastKnownFileType = sourcecode.swift; path = RecipeList.swift; sourceTree = "<group>"; };
		ECBFCA0C2B1FC2ED00EB5758 /* RecipeView.swift */ = {isa = PBXFileReference; lastKnownFileType = sourcecode.swift; path = RecipeView.swift; sourceTree = "<group>"; };
		ECBFCA0E2B2067D700EB5758 /* CategoryView.swift */ = {isa = PBXFileReference; lastKnownFileType = sourcecode.swift; path = CategoryView.swift; sourceTree = "<group>"; };
		ECBFCA102B20690400EB5758 /* AddRecipeView.swift */ = {isa = PBXFileReference; lastKnownFileType = sourcecode.swift; path = AddRecipeView.swift; sourceTree = "<group>"; };
		ECBFCA122B2072E100EB5758 /* RecipesViewModel.swift */ = {isa = PBXFileReference; lastKnownFileType = sourcecode.swift; path = RecipesViewModel.swift; sourceTree = "<group>"; };
/* End PBXFileReference section */

/* Begin PBXFrameworksBuildPhase section */
		ECBFC9DE2B1F5F3800EB5758 /* Frameworks */ = {
			isa = PBXFrameworksBuildPhase;
			buildActionMask = 2147483647;
			files = (
				EC8C92B92B20C3A300418142 /* FirebaseMessaging in Frameworks */,
				EC8C92A92B20C3A300418142 /* FirebaseFirestoreCombine-Community in Frameworks */,
				EC8C92A12B20C3A300418142 /* FirebaseDatabase in Frameworks */,
				EC8C92892B20C00300418142 /* FirebaseAnalyticsSwift in Frameworks */,
				EC8C92C12B20C3A300418142 /* FirebaseStorage in Frameworks */,
				EC8C92852B20C00300418142 /* FirebaseAnalytics in Frameworks */,
				EC8C928F2B20C3A300418142 /* FirebaseAnalytics in Frameworks */,
				EC8C929F2B20C3A300418142 /* FirebaseCrashlytics in Frameworks */,
				EC8C92A72B20C3A300418142 /* FirebaseFirestore in Frameworks */,
				EC8C92A52B20C3A300418142 /* FirebaseDynamicLinks in Frameworks */,
				EC8C92C32B20C3A300418142 /* FirebaseStorageCombine-Community in Frameworks */,
				EC8C92912B20C3A300418142 /* FirebaseAnalyticsOnDeviceConversion in Frameworks */,
				EC8C92AF2B20C3A300418142 /* FirebaseFunctionsCombine-Community in Frameworks */,
				EC8C92B32B20C3A300418142 /* FirebaseInAppMessagingSwift-Beta in Frameworks */,
				EC8C92B72B20C3A300418142 /* FirebaseMLModelDownloader in Frameworks */,
				EC8C92B12B20C3A300418142 /* FirebaseInAppMessaging-Beta in Frameworks */,
				EC8C92BB2B20C3A300418142 /* FirebasePerformance in Frameworks */,
				EC8C929D2B20C3A300418142 /* FirebaseAuthCombine-Community in Frameworks */,
				EC8C92932B20C3A300418142 /* FirebaseAnalyticsSwift in Frameworks */,
				EC8C92A32B20C3A300418142 /* FirebaseDatabaseSwift in Frameworks */,
				EC8C92872B20C00300418142 /* FirebaseAnalyticsOnDeviceConversion in Frameworks */,
				EC8C92BD2B20C3A300418142 /* FirebaseRemoteConfig in Frameworks */,
				EC8C928D2B20C00300418142 /* FirebaseAppCheck in Frameworks */,
				EC8C929B2B20C3A300418142 /* FirebaseAuth in Frameworks */,
				EC8C92AD2B20C3A300418142 /* FirebaseFunctions in Frameworks */,
				EC8C92B52B20C3A300418142 /* FirebaseInstallations in Frameworks */,
				EC8C92AB2B20C3A300418142 /* FirebaseFirestoreSwift in Frameworks */,
				EC8C92952B20C3A300418142 /* FirebaseAnalyticsWithoutAdIdSupport in Frameworks */,
				EC8C92972B20C3A300418142 /* FirebaseAppCheck in Frameworks */,
				EC8C92BF2B20C3A300418142 /* FirebaseRemoteConfigSwift in Frameworks */,
				EC8C92992B20C3A300418142 /* FirebaseAppDistribution-Beta in Frameworks */,
				EC8C928B2B20C00300418142 /* FirebaseAnalyticsWithoutAdIdSupport in Frameworks */,
			);
			runOnlyForDeploymentPostprocessing = 0;
		};
/* End PBXFrameworksBuildPhase section */

/* Begin PBXGroup section */
		ECBFC9D82B1F5F3800EB5758 = {
			isa = PBXGroup;
			children = (
				ECBFC9E32B1F5F3800EB5758 /* RecipeBook */,
				ECBFC9E22B1F5F3800EB5758 /* Products */,
			);
			sourceTree = "<group>";
		};
		ECBFC9E22B1F5F3800EB5758 /* Products */ = {
			isa = PBXGroup;
			children = (
				ECBFC9E12B1F5F3800EB5758 /* RecipeBook.app */,
			);
			name = Products;
			sourceTree = "<group>";
		};
		ECBFC9E32B1F5F3800EB5758 /* RecipeBook */ = {
			isa = PBXGroup;
			children = (
				ECBFC9F92B1F632F00EB5758 /* Models */,
				ECBFC9F82B1F632600EB5758 /* ViewModels */,
				ECBFC9F32B1F5F9200EB5758 /* Views */,
				ECBFC9E42B1F5F3800EB5758 /* RecipeBookApp.swift */,
				ECBFC9E82B1F5F3B00EB5758 /* Assets.xcassets */,
				EC8C92812B20B76200418142 /* GoogleService-Info.plist */,
				ECBFC9EA2B1F5F3B00EB5758 /* Preview Content */,
			);
			path = RecipeBook;
			sourceTree = "<group>";
		};
		ECBFC9EA2B1F5F3B00EB5758 /* Preview Content */ = {
			isa = PBXGroup;
			children = (
				ECBFC9EB2B1F5F3B00EB5758 /* Preview Assets.xcassets */,
			);
			path = "Preview Content";
			sourceTree = "<group>";
		};
		ECBFC9F32B1F5F9200EB5758 /* Views */ = {
			isa = PBXGroup;
			children = (
				ECBFC9F42B1F5FA100EB5758 /* Main */,
				ECBFC9F72B1F5FBF00EB5758 /* Components */,
				ECBFC9F52B1F5FA800EB5758 /* Detail */,
			);
			path = Views;
			sourceTree = "<group>";
		};
		ECBFC9F42B1F5FA100EB5758 /* Main */ = {
			isa = PBXGroup;
			children = (
				ECBFC9E62B1F5F3800EB5758 /* ContentView.swift */,
				ECBFCA042B1FA46600EB5758 /* TabBar.swift */,
				ECBFC9FA2B1FA2C400EB5758 /* HomeView.swift */,
				ECBFC9FC2B1FA2D100EB5758 /* CategoriesView.swift */,
				ECBFC9FE2B1FA2E100EB5758 /* NewRecipeView.swift */,
				ECBFCA002B1FA2FC00EB5758 /* FavoritiesView.swift */,
				ECBFCA022B1FA30900EB5758 /* SettingsView.swift */,
			);
			path = Main;
			sourceTree = "<group>";
		};
		ECBFC9F52B1F5FA800EB5758 /* Detail */ = {
			isa = PBXGroup;
			children = (
				ECBFCA0C2B1FC2ED00EB5758 /* RecipeView.swift */,
				ECBFCA0E2B2067D700EB5758 /* CategoryView.swift */,
				ECBFCA102B20690400EB5758 /* AddRecipeView.swift */,
			);
			path = Detail;
			sourceTree = "<group>";
		};
		ECBFC9F72B1F5FBF00EB5758 /* Components */ = {
			isa = PBXGroup;
			children = (
				ECBFCA082B1FAFCC00EB5758 /* RecipeCard.swift */,
				ECBFCA0A2B1FC10A00EB5758 /* RecipeList.swift */,
			);
			path = Components;
			sourceTree = "<group>";
		};
		ECBFC9F82B1F632600EB5758 /* ViewModels */ = {
			isa = PBXGroup;
			children = (
				ECBFCA122B2072E100EB5758 /* RecipesViewModel.swift */,
			);
			path = ViewModels;
			sourceTree = "<group>";
		};
		ECBFC9F92B1F632F00EB5758 /* Models */ = {
			isa = PBXGroup;
			children = (
				ECBFCA062B1FA8C900EB5758 /* RecipeModel.swift */,
				EC8C927F2B20ABAA00418142 /* FavoritesList.swift */,
			);
			path = Models;
			sourceTree = "<group>";
		};
/* End PBXGroup section */

/* Begin PBXNativeTarget section */
		ECBFC9E02B1F5F3800EB5758 /* RecipeBook */ = {
			isa = PBXNativeTarget;
			buildConfigurationList = ECBFC9EF2B1F5F3B00EB5758 /* Build configuration list for PBXNativeTarget "RecipeBook" */;
			buildPhases = (
				ECBFC9DD2B1F5F3800EB5758 /* Sources */,
				ECBFC9DE2B1F5F3800EB5758 /* Frameworks */,
				ECBFC9DF2B1F5F3800EB5758 /* Resources */,
			);
			buildRules = (
			);
			dependencies = (
			);
			name = RecipeBook;
			packageProductDependencies = (
				EC8C92842B20C00300418142 /* FirebaseAnalytics */,
				EC8C92862B20C00300418142 /* FirebaseAnalyticsOnDeviceConversion */,
				EC8C92882B20C00300418142 /* FirebaseAnalyticsSwift */,
				EC8C928A2B20C00300418142 /* FirebaseAnalyticsWithoutAdIdSupport */,
				EC8C928C2B20C00300418142 /* FirebaseAppCheck */,
				EC8C928E2B20C3A300418142 /* FirebaseAnalytics */,
				EC8C92902B20C3A300418142 /* FirebaseAnalyticsOnDeviceConversion */,
				EC8C92922B20C3A300418142 /* FirebaseAnalyticsSwift */,
				EC8C92942B20C3A300418142 /* FirebaseAnalyticsWithoutAdIdSupport */,
				EC8C92962B20C3A300418142 /* FirebaseAppCheck */,
				EC8C92982B20C3A300418142 /* FirebaseAppDistribution-Beta */,
				EC8C929A2B20C3A300418142 /* FirebaseAuth */,
				EC8C929C2B20C3A300418142 /* FirebaseAuthCombine-Community */,
				EC8C929E2B20C3A300418142 /* FirebaseCrashlytics */,
				EC8C92A02B20C3A300418142 /* FirebaseDatabase */,
				EC8C92A22B20C3A300418142 /* FirebaseDatabaseSwift */,
				EC8C92A42B20C3A300418142 /* FirebaseDynamicLinks */,
				EC8C92A62B20C3A300418142 /* FirebaseFirestore */,
				EC8C92A82B20C3A300418142 /* FirebaseFirestoreCombine-Community */,
				EC8C92AA2B20C3A300418142 /* FirebaseFirestoreSwift */,
				EC8C92AC2B20C3A300418142 /* FirebaseFunctions */,
				EC8C92AE2B20C3A300418142 /* FirebaseFunctionsCombine-Community */,
				EC8C92B02B20C3A300418142 /* FirebaseInAppMessaging-Beta */,
				EC8C92B22B20C3A300418142 /* FirebaseInAppMessagingSwift-Beta */,
				EC8C92B42B20C3A300418142 /* FirebaseInstallations */,
				EC8C92B62B20C3A300418142 /* FirebaseMLModelDownloader */,
				EC8C92B82B20C3A300418142 /* FirebaseMessaging */,
				EC8C92BA2B20C3A300418142 /* FirebasePerformance */,
				EC8C92BC2B20C3A300418142 /* FirebaseRemoteConfig */,
				EC8C92BE2B20C3A300418142 /* FirebaseRemoteConfigSwift */,
				EC8C92C02B20C3A300418142 /* FirebaseStorage */,
				EC8C92C22B20C3A300418142 /* FirebaseStorageCombine-Community */,
			);
			productName = RecipeBook;
			productReference = ECBFC9E12B1F5F3800EB5758 /* RecipeBook.app */;
			productType = "com.apple.product-type.application";
		};
/* End PBXNativeTarget section */

/* Begin PBXProject section */
		ECBFC9D92B1F5F3800EB5758 /* Project object */ = {
			isa = PBXProject;
			attributes = {
				BuildIndependentTargetsInParallel = 1;
				LastSwiftUpdateCheck = 1500;
				LastUpgradeCheck = 1500;
				TargetAttributes = {
					ECBFC9E02B1F5F3800EB5758 = {
						CreatedOnToolsVersion = 15.0.1;
					};
				};
			};
			buildConfigurationList = ECBFC9DC2B1F5F3800EB5758 /* Build configuration list for PBXProject "RecipeBook" */;
			compatibilityVersion = "Xcode 14.0";
			developmentRegion = en;
			hasScannedForEncodings = 0;
			knownRegions = (
				en,
				Base,
			);
			mainGroup = ECBFC9D82B1F5F3800EB5758;
			packageReferences = (
				EC8C92832B20C00300418142 /* XCRemoteSwiftPackageReference "firebase-ios-sdk" */,
			);
			productRefGroup = ECBFC9E22B1F5F3800EB5758 /* Products */;
			projectDirPath = "";
			projectRoot = "";
			targets = (
				ECBFC9E02B1F5F3800EB5758 /* RecipeBook */,
			);
		};
/* End PBXProject section */

/* Begin PBXResourcesBuildPhase section */
		ECBFC9DF2B1F5F3800EB5758 /* Resources */ = {
			isa = PBXResourcesBuildPhase;
			buildActionMask = 2147483647;
			files = (
				ECBFC9EC2B1F5F3B00EB5758 /* Preview Assets.xcassets in Resources */,
				ECBFC9E92B1F5F3B00EB5758 /* Assets.xcassets in Resources */,
				EC8C92822B20B76200418142 /* GoogleService-Info.plist in Resources */,
			);
			runOnlyForDeploymentPostprocessing = 0;
		};
/* End PBXResourcesBuildPhase section */

/* Begin PBXSourcesBuildPhase section */
		ECBFC9DD2B1F5F3800EB5758 /* Sources */ = {
			isa = PBXSourcesBuildPhase;
			buildActionMask = 2147483647;
			files = (
				ECBFCA112B20690400EB5758 /* AddRecipeView.swift in Sources */,
				ECBFCA032B1FA30900EB5758 /* SettingsView.swift in Sources */,
				ECBFCA092B1FAFCC00EB5758 /* RecipeCard.swift in Sources */,
				ECBFCA012B1FA2FC00EB5758 /* FavoritiesView.swift in Sources */,
				ECBFC9FD2B1FA2D100EB5758 /* CategoriesView.swift in Sources */,
				ECBFCA052B1FA46600EB5758 /* TabBar.swift in Sources */,
				ECBFCA0F2B2067D700EB5758 /* CategoryView.swift in Sources */,
				ECBFC9FF2B1FA2E200EB5758 /* NewRecipeView.swift in Sources */,
				ECBFCA0D2B1FC2ED00EB5758 /* RecipeView.swift in Sources */,
				ECBFCA0B2B1FC10A00EB5758 /* RecipeList.swift in Sources */,
				ECBFC9FB2B1FA2C400EB5758 /* HomeView.swift in Sources */,
				ECBFC9E72B1F5F3800EB5758 /* ContentView.swift in Sources */,
				ECBFCA132B2072E100EB5758 /* RecipesViewModel.swift in Sources */,
				EC8C92802B20ABAA00418142 /* FavoritesList.swift in Sources */,
				ECBFC9E52B1F5F3800EB5758 /* RecipeBookApp.swift in Sources */,
				ECBFCA072B1FA8C900EB5758 /* RecipeModel.swift in Sources */,
			);
			runOnlyForDeploymentPostprocessing = 0;
		};
/* End PBXSourcesBuildPhase section */

/* Begin XCBuildConfiguration section */
		ECBFC9ED2B1F5F3B00EB5758 /* Debug */ = {
			isa = XCBuildConfiguration;
			buildSettings = {
				ALWAYS_SEARCH_USER_PATHS = NO;
				ASSETCATALOG_COMPILER_GENERATE_SWIFT_ASSET_SYMBOL_EXTENSIONS = YES;
				CLANG_ANALYZER_NONNULL = YES;
				CLANG_ANALYZER_NUMBER_OBJECT_CONVERSION = YES_AGGRESSIVE;
				CLANG_CXX_LANGUAGE_STANDARD = "gnu++20";
				CLANG_ENABLE_MODULES = YES;
				CLANG_ENABLE_OBJC_ARC = YES;
				CLANG_ENABLE_OBJC_WEAK = YES;
				CLANG_WARN_BLOCK_CAPTURE_AUTORELEASING = YES;
				CLANG_WARN_BOOL_CONVERSION = YES;
				CLANG_WARN_COMMA = YES;
				CLANG_WARN_CONSTANT_CONVERSION = YES;
				CLANG_WARN_DEPRECATED_OBJC_IMPLEMENTATIONS = YES;
				CLANG_WARN_DIRECT_OBJC_ISA_USAGE = YES_ERROR;
				CLANG_WARN_DOCUMENTATION_COMMENTS = YES;
				CLANG_WARN_EMPTY_BODY = YES;
				CLANG_WARN_ENUM_CONVERSION = YES;
				CLANG_WARN_INFINITE_RECURSION = YES;
				CLANG_WARN_INT_CONVERSION = YES;
				CLANG_WARN_NON_LITERAL_NULL_CONVERSION = YES;
				CLANG_WARN_OBJC_IMPLICIT_RETAIN_SELF = YES;
				CLANG_WARN_OBJC_LITERAL_CONVERSION = YES;
				CLANG_WARN_OBJC_ROOT_CLASS = YES_ERROR;
				CLANG_WARN_QUOTED_INCLUDE_IN_FRAMEWORK_HEADER = YES;
				CLANG_WARN_RANGE_LOOP_ANALYSIS = YES;
				CLANG_WARN_STRICT_PROTOTYPES = YES;
				CLANG_WARN_SUSPICIOUS_MOVE = YES;
				CLANG_WARN_UNGUARDED_AVAILABILITY = YES_AGGRESSIVE;
				CLANG_WARN_UNREACHABLE_CODE = YES;
				CLANG_WARN__DUPLICATE_METHOD_MATCH = YES;
				COPY_PHASE_STRIP = NO;
				DEBUG_INFORMATION_FORMAT = dwarf;
				ENABLE_STRICT_OBJC_MSGSEND = YES;
				ENABLE_TESTABILITY = YES;
				ENABLE_USER_SCRIPT_SANDBOXING = YES;
				GCC_C_LANGUAGE_STANDARD = gnu17;
				GCC_DYNAMIC_NO_PIC = NO;
				GCC_NO_COMMON_BLOCKS = YES;
				GCC_OPTIMIZATION_LEVEL = 0;
				GCC_PREPROCESSOR_DEFINITIONS = (
					"DEBUG=1",
					"$(inherited)",
				);
				GCC_WARN_64_TO_32_BIT_CONVERSION = YES;
				GCC_WARN_ABOUT_RETURN_TYPE = YES_ERROR;
				GCC_WARN_UNDECLARED_SELECTOR = YES;
				GCC_WARN_UNINITIALIZED_AUTOS = YES_AGGRESSIVE;
				GCC_WARN_UNUSED_FUNCTION = YES;
				GCC_WARN_UNUSED_VARIABLE = YES;
				IPHONEOS_DEPLOYMENT_TARGET = 17.0;
				LOCALIZATION_PREFERS_STRING_CATALOGS = YES;
				MTL_ENABLE_DEBUG_INFO = INCLUDE_SOURCE;
				MTL_FAST_MATH = YES;
				ONLY_ACTIVE_ARCH = YES;
				SDKROOT = iphoneos;
				SWIFT_ACTIVE_COMPILATION_CONDITIONS = "DEBUG $(inherited)";
				SWIFT_OPTIMIZATION_LEVEL = "-Onone";
			};
			name = Debug;
		};
		ECBFC9EE2B1F5F3B00EB5758 /* Release */ = {
			isa = XCBuildConfiguration;
			buildSettings = {
				ALWAYS_SEARCH_USER_PATHS = NO;
				ASSETCATALOG_COMPILER_GENERATE_SWIFT_ASSET_SYMBOL_EXTENSIONS = YES;
				CLANG_ANALYZER_NONNULL = YES;
				CLANG_ANALYZER_NUMBER_OBJECT_CONVERSION = YES_AGGRESSIVE;
				CLANG_CXX_LANGUAGE_STANDARD = "gnu++20";
				CLANG_ENABLE_MODULES = YES;
				CLANG_ENABLE_OBJC_ARC = YES;
				CLANG_ENABLE_OBJC_WEAK = YES;
				CLANG_WARN_BLOCK_CAPTURE_AUTORELEASING = YES;
				CLANG_WARN_BOOL_CONVERSION = YES;
				CLANG_WARN_COMMA = YES;
				CLANG_WARN_CONSTANT_CONVERSION = YES;
				CLANG_WARN_DEPRECATED_OBJC_IMPLEMENTATIONS = YES;
				CLANG_WARN_DIRECT_OBJC_ISA_USAGE = YES_ERROR;
				CLANG_WARN_DOCUMENTATION_COMMENTS = YES;
				CLANG_WARN_EMPTY_BODY = YES;
				CLANG_WARN_ENUM_CONVERSION = YES;
				CLANG_WARN_INFINITE_RECURSION = YES;
				CLANG_WARN_INT_CONVERSION = YES;
				CLANG_WARN_NON_LITERAL_NULL_CONVERSION = YES;
				CLANG_WARN_OBJC_IMPLICIT_RETAIN_SELF = YES;
				CLANG_WARN_OBJC_LITERAL_CONVERSION = YES;
				CLANG_WARN_OBJC_ROOT_CLASS = YES_ERROR;
				CLANG_WARN_QUOTED_INCLUDE_IN_FRAMEWORK_HEADER = YES;
				CLANG_WARN_RANGE_LOOP_ANALYSIS = YES;
				CLANG_WARN_STRICT_PROTOTYPES = YES;
				CLANG_WARN_SUSPICIOUS_MOVE = YES;
				CLANG_WARN_UNGUARDED_AVAILABILITY = YES_AGGRESSIVE;
				CLANG_WARN_UNREACHABLE_CODE = YES;
				CLANG_WARN__DUPLICATE_METHOD_MATCH = YES;
				COPY_PHASE_STRIP = NO;
				DEBUG_INFORMATION_FORMAT = "dwarf-with-dsym";
				ENABLE_NS_ASSERTIONS = NO;
				ENABLE_STRICT_OBJC_MSGSEND = YES;
				ENABLE_USER_SCRIPT_SANDBOXING = YES;
				GCC_C_LANGUAGE_STANDARD = gnu17;
				GCC_NO_COMMON_BLOCKS = YES;
				GCC_WARN_64_TO_32_BIT_CONVERSION = YES;
				GCC_WARN_ABOUT_RETURN_TYPE = YES_ERROR;
				GCC_WARN_UNDECLARED_SELECTOR = YES;
				GCC_WARN_UNINITIALIZED_AUTOS = YES_AGGRESSIVE;
				GCC_WARN_UNUSED_FUNCTION = YES;
				GCC_WARN_UNUSED_VARIABLE = YES;
				IPHONEOS_DEPLOYMENT_TARGET = 17.0;
				LOCALIZATION_PREFERS_STRING_CATALOGS = YES;
				MTL_ENABLE_DEBUG_INFO = NO;
				MTL_FAST_MATH = YES;
				SDKROOT = iphoneos;
				SWIFT_COMPILATION_MODE = wholemodule;
				VALIDATE_PRODUCT = YES;
			};
			name = Release;
		};
		ECBFC9F02B1F5F3B00EB5758 /* Debug */ = {
			isa = XCBuildConfiguration;
			buildSettings = {
				ASSETCATALOG_COMPILER_APPICON_NAME = AppIcon;
				ASSETCATALOG_COMPILER_GLOBAL_ACCENT_COLOR_NAME = AccentColor;
				CODE_SIGN_STYLE = Automatic;
				CURRENT_PROJECT_VERSION = 1;
				DEVELOPMENT_ASSET_PATHS = "\"RecipeBook/Preview Content\"";
				DEVELOPMENT_TEAM = S7VDAK3AXN;
				ENABLE_PREVIEWS = YES;
				GENERATE_INFOPLIST_FILE = YES;
				INFOPLIST_KEY_UIApplicationSceneManifest_Generation = YES;
				INFOPLIST_KEY_UIApplicationSupportsIndirectInputEvents = YES;
				INFOPLIST_KEY_UILaunchScreen_Generation = YES;
				INFOPLIST_KEY_UISupportedInterfaceOrientations_iPad = "UIInterfaceOrientationPortrait UIInterfaceOrientationPortraitUpsideDown UIInterfaceOrientationLandscapeLeft UIInterfaceOrientationLandscapeRight";
				INFOPLIST_KEY_UISupportedInterfaceOrientations_iPhone = "UIInterfaceOrientationPortrait UIInterfaceOrientationLandscapeLeft UIInterfaceOrientationLandscapeRight";
				LD_RUNPATH_SEARCH_PATHS = (
					"$(inherited)",
					"@executable_path/Frameworks",
				);
				MARKETING_VERSION = 1.0;
				PRODUCT_BUNDLE_IDENTIFIER = com.enestalhaucar.RecipeBook;
				PRODUCT_NAME = "$(TARGET_NAME)";
				SWIFT_EMIT_LOC_STRINGS = YES;
				SWIFT_VERSION = 5.0;
				TARGETED_DEVICE_FAMILY = "1,2";
			};
			name = Debug;
		};
		ECBFC9F12B1F5F3B00EB5758 /* Release */ = {
			isa = XCBuildConfiguration;
			buildSettings = {
				ASSETCATALOG_COMPILER_APPICON_NAME = AppIcon;
				ASSETCATALOG_COMPILER_GLOBAL_ACCENT_COLOR_NAME = AccentColor;
				CODE_SIGN_STYLE = Automatic;
				CURRENT_PROJECT_VERSION = 1;
				DEVELOPMENT_ASSET_PATHS = "\"RecipeBook/Preview Content\"";
				DEVELOPMENT_TEAM = S7VDAK3AXN;
				ENABLE_PREVIEWS = YES;
				GENERATE_INFOPLIST_FILE = YES;
				INFOPLIST_KEY_UIApplicationSceneManifest_Generation = YES;
				INFOPLIST_KEY_UIApplicationSupportsIndirectInputEvents = YES;
				INFOPLIST_KEY_UILaunchScreen_Generation = YES;
				INFOPLIST_KEY_UISupportedInterfaceOrientations_iPad = "UIInterfaceOrientationPortrait UIInterfaceOrientationPortraitUpsideDown UIInterfaceOrientationLandscapeLeft UIInterfaceOrientationLandscapeRight";
				INFOPLIST_KEY_UISupportedInterfaceOrientations_iPhone = "UIInterfaceOrientationPortrait UIInterfaceOrientationLandscapeLeft UIInterfaceOrientationLandscapeRight";
				LD_RUNPATH_SEARCH_PATHS = (
					"$(inherited)",
					"@executable_path/Frameworks",
				);
				MARKETING_VERSION = 1.0;
				PRODUCT_BUNDLE_IDENTIFIER = com.enestalhaucar.RecipeBook;
				PRODUCT_NAME = "$(TARGET_NAME)";
				SWIFT_EMIT_LOC_STRINGS = YES;
				SWIFT_VERSION = 5.0;
				TARGETED_DEVICE_FAMILY = "1,2";
			};
			name = Release;
		};
/* End XCBuildConfiguration section */

/* Begin XCConfigurationList section */
		ECBFC9DC2B1F5F3800EB5758 /* Build configuration list for PBXProject "RecipeBook" */ = {
			isa = XCConfigurationList;
			buildConfigurations = (
				ECBFC9ED2B1F5F3B00EB5758 /* Debug */,
				ECBFC9EE2B1F5F3B00EB5758 /* Release */,
			);
			defaultConfigurationIsVisible = 0;
			defaultConfigurationName = Release;
		};
		ECBFC9EF2B1F5F3B00EB5758 /* Build configuration list for PBXNativeTarget "RecipeBook" */ = {
			isa = XCConfigurationList;
			buildConfigurations = (
				ECBFC9F02B1F5F3B00EB5758 /* Debug */,
				ECBFC9F12B1F5F3B00EB5758 /* Release */,
			);
			defaultConfigurationIsVisible = 0;
			defaultConfigurationName = Release;
		};
/* End XCConfigurationList section */

/* Begin XCRemoteSwiftPackageReference section */
		EC8C92832B20C00300418142 /* XCRemoteSwiftPackageReference "firebase-ios-sdk" */ = {
			isa = XCRemoteSwiftPackageReference;
			repositoryURL = "https://github.com/firebase/firebase-ios-sdk";
			requirement = {
				kind = upToNextMajorVersion;
				minimumVersion = 10.19.0;
			};
		};
/* End XCRemoteSwiftPackageReference section */

/* Begin XCSwiftPackageProductDependency section */
		EC8C92842B20C00300418142 /* FirebaseAnalytics */ = {
			isa = XCSwiftPackageProductDependency;
			package = EC8C92832B20C00300418142 /* XCRemoteSwiftPackageReference "firebase-ios-sdk" */;
			productName = FirebaseAnalytics;
		};
		EC8C92862B20C00300418142 /* FirebaseAnalyticsOnDeviceConversion */ = {
			isa = XCSwiftPackageProductDependency;
			package = EC8C92832B20C00300418142 /* XCRemoteSwiftPackageReference "firebase-ios-sdk" */;
			productName = FirebaseAnalyticsOnDeviceConversion;
		};
		EC8C92882B20C00300418142 /* FirebaseAnalyticsSwift */ = {
			isa = XCSwiftPackageProductDependency;
			package = EC8C92832B20C00300418142 /* XCRemoteSwiftPackageReference "firebase-ios-sdk" */;
			productName = FirebaseAnalyticsSwift;
		};
		EC8C928A2B20C00300418142 /* FirebaseAnalyticsWithoutAdIdSupport */ = {
			isa = XCSwiftPackageProductDependency;
			package = EC8C92832B20C00300418142 /* XCRemoteSwiftPackageReference "firebase-ios-sdk" */;
			productName = FirebaseAnalyticsWithoutAdIdSupport;
		};
		EC8C928C2B20C00300418142 /* FirebaseAppCheck */ = {
			isa = XCSwiftPackageProductDependency;
			package = EC8C92832B20C00300418142 /* XCRemoteSwiftPackageReference "firebase-ios-sdk" */;
			productName = FirebaseAppCheck;
		};
		EC8C928E2B20C3A300418142 /* FirebaseAnalytics */ = {
			isa = XCSwiftPackageProductDependency;
			package = EC8C92832B20C00300418142 /* XCRemoteSwiftPackageReference "firebase-ios-sdk" */;
			productName = FirebaseAnalytics;
		};
		EC8C92902B20C3A300418142 /* FirebaseAnalyticsOnDeviceConversion */ = {
			isa = XCSwiftPackageProductDependency;
			package = EC8C92832B20C00300418142 /* XCRemoteSwiftPackageReference "firebase-ios-sdk" */;
			productName = FirebaseAnalyticsOnDeviceConversion;
		};
		EC8C92922B20C3A300418142 /* FirebaseAnalyticsSwift */ = {
			isa = XCSwiftPackageProductDependency;
			package = EC8C92832B20C00300418142 /* XCRemoteSwiftPackageReference "firebase-ios-sdk" */;
			productName = FirebaseAnalyticsSwift;
		};
		EC8C92942B20C3A300418142 /* FirebaseAnalyticsWithoutAdIdSupport */ = {
			isa = XCSwiftPackageProductDependency;
			package = EC8C92832B20C00300418142 /* XCRemoteSwiftPackageReference "firebase-ios-sdk" */;
			productName = FirebaseAnalyticsWithoutAdIdSupport;
		};
		EC8C92962B20C3A300418142 /* FirebaseAppCheck */ = {
			isa = XCSwiftPackageProductDependency;
			package = EC8C92832B20C00300418142 /* XCRemoteSwiftPackageReference "firebase-ios-sdk" */;
			productName = FirebaseAppCheck;
		};
		EC8C92982B20C3A300418142 /* FirebaseAppDistribution-Beta */ = {
			isa = XCSwiftPackageProductDependency;
			package = EC8C92832B20C00300418142 /* XCRemoteSwiftPackageReference "firebase-ios-sdk" */;
			productName = "FirebaseAppDistribution-Beta";
		};
		EC8C929A2B20C3A300418142 /* FirebaseAuth */ = {
			isa = XCSwiftPackageProductDependency;
			package = EC8C92832B20C00300418142 /* XCRemoteSwiftPackageReference "firebase-ios-sdk" */;
			productName = FirebaseAuth;
		};
		EC8C929C2B20C3A300418142 /* FirebaseAuthCombine-Community */ = {
			isa = XCSwiftPackageProductDependency;
			package = EC8C92832B20C00300418142 /* XCRemoteSwiftPackageReference "firebase-ios-sdk" */;
			productName = "FirebaseAuthCombine-Community";
		};
		EC8C929E2B20C3A300418142 /* FirebaseCrashlytics */ = {
			isa = XCSwiftPackageProductDependency;
			package = EC8C92832B20C00300418142 /* XCRemoteSwiftPackageReference "firebase-ios-sdk" */;
			productName = FirebaseCrashlytics;
		};
		EC8C92A02B20C3A300418142 /* FirebaseDatabase */ = {
			isa = XCSwiftPackageProductDependency;
			package = EC8C92832B20C00300418142 /* XCRemoteSwiftPackageReference "firebase-ios-sdk" */;
			productName = FirebaseDatabase;
		};
		EC8C92A22B20C3A300418142 /* FirebaseDatabaseSwift */ = {
			isa = XCSwiftPackageProductDependency;
			package = EC8C92832B20C00300418142 /* XCRemoteSwiftPackageReference "firebase-ios-sdk" */;
			productName = FirebaseDatabaseSwift;
		};
		EC8C92A42B20C3A300418142 /* FirebaseDynamicLinks */ = {
			isa = XCSwiftPackageProductDependency;
			package = EC8C92832B20C00300418142 /* XCRemoteSwiftPackageReference "firebase-ios-sdk" */;
			productName = FirebaseDynamicLinks;
		};
		EC8C92A62B20C3A300418142 /* FirebaseFirestore */ = {
			isa = XCSwiftPackageProductDependency;
			package = EC8C92832B20C00300418142 /* XCRemoteSwiftPackageReference "firebase-ios-sdk" */;
			productName = FirebaseFirestore;
		};
		EC8C92A82B20C3A300418142 /* FirebaseFirestoreCombine-Community */ = {
			isa = XCSwiftPackageProductDependency;
			package = EC8C92832B20C00300418142 /* XCRemoteSwiftPackageReference "firebase-ios-sdk" */;
			productName = "FirebaseFirestoreCombine-Community";
		};
		EC8C92AA2B20C3A300418142 /* FirebaseFirestoreSwift */ = {
			isa = XCSwiftPackageProductDependency;
			package = EC8C92832B20C00300418142 /* XCRemoteSwiftPackageReference "firebase-ios-sdk" */;
			productName = FirebaseFirestoreSwift;
		};
		EC8C92AC2B20C3A300418142 /* FirebaseFunctions */ = {
			isa = XCSwiftPackageProductDependency;
			package = EC8C92832B20C00300418142 /* XCRemoteSwiftPackageReference "firebase-ios-sdk" */;
			productName = FirebaseFunctions;
		};
		EC8C92AE2B20C3A300418142 /* FirebaseFunctionsCombine-Community */ = {
			isa = XCSwiftPackageProductDependency;
			package = EC8C92832B20C00300418142 /* XCRemoteSwiftPackageReference "firebase-ios-sdk" */;
			productName = "FirebaseFunctionsCombine-Community";
		};
		EC8C92B02B20C3A300418142 /* FirebaseInAppMessaging-Beta */ = {
			isa = XCSwiftPackageProductDependency;
			package = EC8C92832B20C00300418142 /* XCRemoteSwiftPackageReference "firebase-ios-sdk" */;
			productName = "FirebaseInAppMessaging-Beta";
		};
		EC8C92B22B20C3A300418142 /* FirebaseInAppMessagingSwift-Beta */ = {
			isa = XCSwiftPackageProductDependency;
			package = EC8C92832B20C00300418142 /* XCRemoteSwiftPackageReference "firebase-ios-sdk" */;
			productName = "FirebaseInAppMessagingSwift-Beta";
		};
		EC8C92B42B20C3A300418142 /* FirebaseInstallations */ = {
			isa = XCSwiftPackageProductDependency;
			package = EC8C92832B20C00300418142 /* XCRemoteSwiftPackageReference "firebase-ios-sdk" */;
			productName = FirebaseInstallations;
		};
		EC8C92B62B20C3A300418142 /* FirebaseMLModelDownloader */ = {
			isa = XCSwiftPackageProductDependency;
			package = EC8C92832B20C00300418142 /* XCRemoteSwiftPackageReference "firebase-ios-sdk" */;
			productName = FirebaseMLModelDownloader;
		};
		EC8C92B82B20C3A300418142 /* FirebaseMessaging */ = {
			isa = XCSwiftPackageProductDependency;
			package = EC8C92832B20C00300418142 /* XCRemoteSwiftPackageReference "firebase-ios-sdk" */;
			productName = FirebaseMessaging;
		};
		EC8C92BA2B20C3A300418142 /* FirebasePerformance */ = {
			isa = XCSwiftPackageProductDependency;
			package = EC8C92832B20C00300418142 /* XCRemoteSwiftPackageReference "firebase-ios-sdk" */;
			productName = FirebasePerformance;
		};
		EC8C92BC2B20C3A300418142 /* FirebaseRemoteConfig */ = {
			isa = XCSwiftPackageProductDependency;
			package = EC8C92832B20C00300418142 /* XCRemoteSwiftPackageReference "firebase-ios-sdk" */;
			productName = FirebaseRemoteConfig;
		};
		EC8C92BE2B20C3A300418142 /* FirebaseRemoteConfigSwift */ = {
			isa = XCSwiftPackageProductDependency;
			package = EC8C92832B20C00300418142 /* XCRemoteSwiftPackageReference "firebase-ios-sdk" */;
			productName = FirebaseRemoteConfigSwift;
		};
		EC8C92C02B20C3A300418142 /* FirebaseStorage */ = {
			isa = XCSwiftPackageProductDependency;
			package = EC8C92832B20C00300418142 /* XCRemoteSwiftPackageReference "firebase-ios-sdk" */;
			productName = FirebaseStorage;
		};
		EC8C92C22B20C3A300418142 /* FirebaseStorageCombine-Community */ = {
			isa = XCSwiftPackageProductDependency;
			package = EC8C92832B20C00300418142 /* XCRemoteSwiftPackageReference "firebase-ios-sdk" */;
			productName = "FirebaseStorageCombine-Community";
		};
/* End XCSwiftPackageProductDependency section */
	};
	rootObject = ECBFC9D92B1F5F3800EB5758 /* Project object */;
}
